
Microsoft Visual Studio Solution File, Format Version 12.00
# Visual Studio Version 17
VisualStudioVersion = 17.7.34031.279
MinimumVisualStudioVersion = 10.0.40219.1
Project("{9A19103F-16F7-4668-BE54-9A1E7A4F7556}") = "FirstBlazorApp", "FirstBlazorApp\FirstBlazorApp.csproj", "{B138F20C-4022-450C-8661-5DA909B17725}"
EndProject
Global
	GlobalSection(SolutionConfigurationPlatforms) = preSolution
		Debug|Any CPU = Debug|Any CPU
		Release|Any CPU = Release|Any CPU
	EndGlobalSection
	GlobalSection(ProjectConfigurationPlatforms) = postSolution
		{B138F20C-4022-450C-8661-5DA909B17725}.Debug|Any CPU.ActiveCfg = Debug|Any CPU
		{B138F20C-4022-450C-8661-5DA909B17725}.Debug|Any CPU.Build.0 = Debug|Any CPU
		{B138F20C-4022-450C-8661-5DA909B17725}.Release|Any CPU.ActiveCfg = Release|Any CPU
		{B138F20C-4022-450C-8661-5DA909B17725}.Release|Any CPU.Build.0 = Release|Any CPU
	EndGlobalSection
	GlobalSection(SolutionProperties) = preSolution
		HideSolutionNode = FALSE
	EndGlobalSection
	GlobalSection(ExtensibilityGlobals) = postSolution
		SolutionGuid = {C56AA5F4-16B6-4E1B-B000-F245621931F3}
	EndGlobalSection
EndGlobal
